{
  "name": "primeiroappflutter",
  "lockfileVersion": 3,
  "requires": true,
  "packages": {
    "": {
      "name": "primeiroappflutter",
      "dependencies": {
        "sdk": "^0.0.0"
      }
    },
    "node_modules/sdk": {
      "version": "0.0.0",
      "resolved": "https://registry.npmjs.org/sdk/-/sdk-0.0.0.tgz",
      "integrity": "sha512-n5PEEtkSXXLTk+SRJOy6iKCtjV2M8Cz7kLm/Fj8QFNdhm1z81+p2K4Wb/Xz2FYpD4uLr6J9s7ZVVnv9IynSikg=="
    }
  }
}
